// !$*UTF8*$!
{
	archiveVersion = 1;
	classes = {
	};
	objectVersion = 51;
	objects = {

/* Begin PBXBuildFile section */
		2345EC261B0ED40FA069AED4 /* Pods_MyIBTests.framework in Frameworks */ = {isa = PBXBuildFile; fileRef = 9676A7E49906D8BF5A8A221D /* Pods_MyIBTests.framework */; };
		280058F826E10A49005D40AB /* AppDelegate.swift in Sources */ = {isa = PBXBuildFile; fileRef = 280058F726E10A49005D40AB /* AppDelegate.swift */; };
		280058FF26E10A49005D40AB /* Main.storyboard in Resources */ = {isa = PBXBuildFile; fileRef = 280058FD26E10A49005D40AB /* Main.storyboard */; };
		2800590126E10A4B005D40AB /* Assets.xcassets in Resources */ = {isa = PBXBuildFile; fileRef = 2800590026E10A4B005D40AB /* Assets.xcassets */; };
		2800590426E10A4B005D40AB /* LaunchScreen.storyboard in Resources */ = {isa = PBXBuildFile; fileRef = 2800590226E10A4B005D40AB /* LaunchScreen.storyboard */; };
		2800590F26E10A4B005D40AB /* MyIBTests.swift in Sources */ = {isa = PBXBuildFile; fileRef = 2800590E26E10A4B005D40AB /* MyIBTests.swift */; };
		2800591A26E10A4B005D40AB /* MyIBUITests.swift in Sources */ = {isa = PBXBuildFile; fileRef = 2800591926E10A4B005D40AB /* MyIBUITests.swift */; };
		2800592826E10E18005D40AB /* RootNavigationController.swift in Sources */ = {isa = PBXBuildFile; fileRef = 2800592726E10E18005D40AB /* RootNavigationController.swift */; };
		2800592A26E118C7005D40AB /* RootViewController.swift in Sources */ = {isa = PBXBuildFile; fileRef = 2800592926E118C7005D40AB /* RootViewController.swift */; };
		2800593426E3AB6B005D40AB /* StoryBoardViewController.swift in Sources */ = {isa = PBXBuildFile; fileRef = 2800593326E3AB6B005D40AB /* StoryBoardViewController.swift */; };
		2800593626E3AD05005D40AB /* StoryBoardViewController.storyboard in Resources */ = {isa = PBXBuildFile; fileRef = 2800593526E3AD05005D40AB /* StoryBoardViewController.storyboard */; };
		2800593826E3B143005D40AB /* MyXibView.xib in Resources */ = {isa = PBXBuildFile; fileRef = 2800593726E3B143005D40AB /* MyXibView.xib */; };
		2800593A26E3B569005D40AB /* MyXibView.swift in Sources */ = {isa = PBXBuildFile; fileRef = 2800593926E3B569005D40AB /* MyXibView.swift */; };
		2800593D26E3BE07005D40AB /* HomeViewController3.swift in Sources */ = {isa = PBXBuildFile; fileRef = 2800593B26E3BE07005D40AB /* HomeViewController3.swift */; };
		2800593E26E3BE07005D40AB /* HomeViewController3.xib in Resources */ = {isa = PBXBuildFile; fileRef = 2800593C26E3BE07005D40AB /* HomeViewController3.xib */; };
		2800594126E8E49C005D40AB /* XibBaseView.swift in Sources */ = {isa = PBXBuildFile; fileRef = 2800594026E8E49C005D40AB /* XibBaseView.swift */; };
		2800594326EA4E00005D40AB /* LoginViewController.swift in Sources */ = {isa = PBXBuildFile; fileRef = 2800594226EA4E00005D40AB /* LoginViewController.swift */; };
		2800594526EA4E28005D40AB /* LoginViewController.storyboard in Resources */ = {isa = PBXBuildFile; fileRef = 2800594426EA4E28005D40AB /* LoginViewController.storyboard */; };
		2800594926EA535C005D40AB /* LoginVM.swift in Sources */ = {isa = PBXBuildFile; fileRef = 2800594826EA535C005D40AB /* LoginVM.swift */; };
		2800594C26ECFC55005D40AB /* LoginViewModel.swift in Sources */ = {isa = PBXBuildFile; fileRef = 2800594B26ECFC54005D40AB /* LoginViewModel.swift */; };
		2800594E26ECFC5F005D40AB /* LoginService.swift in Sources */ = {isa = PBXBuildFile; fileRef = 2800594D26ECFC5F005D40AB /* LoginService.swift */; };
		28133DE3276DE68100BE185D /* RXController.swift in Sources */ = {isa = PBXBuildFile; fileRef = 28133DE2276DE68100BE185D /* RXController.swift */; };
		28133DE4276DE68100BE185D /* RXController.swift in Sources */ = {isa = PBXBuildFile; fileRef = 28133DE2276DE68100BE185D /* RXController.swift */; };
		28133DE5276DE68100BE185D /* RXController.swift in Sources */ = {isa = PBXBuildFile; fileRef = 28133DE2276DE68100BE185D /* RXController.swift */; };
		28133DE6276DE68100BE185D /* RXController.swift in Sources */ = {isa = PBXBuildFile; fileRef = 28133DE2276DE68100BE185D /* RXController.swift */; };
		28133DE8276DE69000BE185D /* RXController.storyboard in Resources */ = {isa = PBXBuildFile; fileRef = 28133DE7276DE69000BE185D /* RXController.storyboard */; };
		28133DE9276DE69000BE185D /* RXController.storyboard in Resources */ = {isa = PBXBuildFile; fileRef = 28133DE7276DE69000BE185D /* RXController.storyboard */; };
		28133DEA276DE69000BE185D /* RXController.storyboard in Resources */ = {isa = PBXBuildFile; fileRef = 28133DE7276DE69000BE185D /* RXController.storyboard */; };
		28133DEB276DE69000BE185D /* RXController.storyboard in Resources */ = {isa = PBXBuildFile; fileRef = 28133DE7276DE69000BE185D /* RXController.storyboard */; };
		281B4C772774A72C003B8D35 /* SwiftLanguageController.swift in Sources */ = {isa = PBXBuildFile; fileRef = 281B4C762774A72C003B8D35 /* SwiftLanguageController.swift */; };
		281B4C782774A72C003B8D35 /* SwiftLanguageController.swift in Sources */ = {isa = PBXBuildFile; fileRef = 281B4C762774A72C003B8D35 /* SwiftLanguageController.swift */; };
		281B4C792774A72C003B8D35 /* SwiftLanguageController.swift in Sources */ = {isa = PBXBuildFile; fileRef = 281B4C762774A72C003B8D35 /* SwiftLanguageController.swift */; };
		281B4C7A2774A72C003B8D35 /* SwiftLanguageController.swift in Sources */ = {isa = PBXBuildFile; fileRef = 281B4C762774A72C003B8D35 /* SwiftLanguageController.swift */; };
		282DEADC271C58E200EAC9A4 /* MyTableviewController.swift in Sources */ = {isa = PBXBuildFile; fileRef = 282DEADB271C58E200EAC9A4 /* MyTableviewController.swift */; };
		282DEADD271C58E200EAC9A4 /* MyTableviewController.swift in Sources */ = {isa = PBXBuildFile; fileRef = 282DEADB271C58E200EAC9A4 /* MyTableviewController.swift */; };
		282DEADF271C58F200EAC9A4 /* MyTableviewController.storyboard in Resources */ = {isa = PBXBuildFile; fileRef = 282DEADE271C58F200EAC9A4 /* MyTableviewController.storyboard */; };
		282DEAE0271C58F200EAC9A4 /* MyTableviewController.storyboard in Resources */ = {isa = PBXBuildFile; fileRef = 282DEADE271C58F200EAC9A4 /* MyTableviewController.storyboard */; };
		282DEAE2271C5CE700EAC9A4 /* MyCell.swift in Sources */ = {isa = PBXBuildFile; fileRef = 282DEAE1271C5CE700EAC9A4 /* MyCell.swift */; };
		282DEAE3271C5CE700EAC9A4 /* MyCell.swift in Sources */ = {isa = PBXBuildFile; fileRef = 282DEAE1271C5CE700EAC9A4 /* MyCell.swift */; };
		282DEAE8271C5D3C00EAC9A4 /* MyCell.xib in Resources */ = {isa = PBXBuildFile; fileRef = 282DEAE7271C5D3C00EAC9A4 /* MyCell.xib */; };
		282DEAE9271C5D3C00EAC9A4 /* MyCell.xib in Resources */ = {isa = PBXBuildFile; fileRef = 282DEAE7271C5D3C00EAC9A4 /* MyCell.xib */; };
		2856EB8B2735668100B6FB8A /* UIStackViewController.swift in Sources */ = {isa = PBXBuildFile; fileRef = 2856EB8A2735668100B6FB8A /* UIStackViewController.swift */; };
		2856EB8C2735668100B6FB8A /* UIStackViewController.swift in Sources */ = {isa = PBXBuildFile; fileRef = 2856EB8A2735668100B6FB8A /* UIStackViewController.swift */; };
		2856EB8E273566A900B6FB8A /* UIStackViewController.storyboard in Resources */ = {isa = PBXBuildFile; fileRef = 2856EB8D273566A900B6FB8A /* UIStackViewController.storyboard */; };
		2856EB8F273566A900B6FB8A /* UIStackViewController.storyboard in Resources */ = {isa = PBXBuildFile; fileRef = 2856EB8D273566A900B6FB8A /* UIStackViewController.storyboard */; };
		2856EB9227356CDA00B6FB8A /* CalculatorController.swift in Sources */ = {isa = PBXBuildFile; fileRef = 2856EB9127356CDA00B6FB8A /* CalculatorController.swift */; };
		2856EB9327356CDA00B6FB8A /* CalculatorController.swift in Sources */ = {isa = PBXBuildFile; fileRef = 2856EB9127356CDA00B6FB8A /* CalculatorController.swift */; };
		2856EB9527356CFC00B6FB8A /* CalculatorController.storyboard in Resources */ = {isa = PBXBuildFile; fileRef = 2856EB9427356CFC00B6FB8A /* CalculatorController.storyboard */; };
		2856EB9627356CFC00B6FB8A /* CalculatorController.storyboard in Resources */ = {isa = PBXBuildFile; fileRef = 2856EB9427356CFC00B6FB8A /* CalculatorController.storyboard */; };
		2856EB992736CC9500B6FB8A /* BaseViewController.swift in Sources */ = {isa = PBXBuildFile; fileRef = 2856EB982736CC9500B6FB8A /* BaseViewController.swift */; };
		2856EB9A2736CC9500B6FB8A /* BaseViewController.swift in Sources */ = {isa = PBXBuildFile; fileRef = 2856EB982736CC9500B6FB8A /* BaseViewController.swift */; };
		2856EB9D2736CE2000B6FB8A /* ScrollViewController.swift in Sources */ = {isa = PBXBuildFile; fileRef = 2856EB9C2736CE2000B6FB8A /* ScrollViewController.swift */; };
		2856EB9E2736CE2000B6FB8A /* ScrollViewController.swift in Sources */ = {isa = PBXBuildFile; fileRef = 2856EB9C2736CE2000B6FB8A /* ScrollViewController.swift */; };
		2856EBA02736CE2A00B6FB8A /* ScrollViewController.storyboard in Resources */ = {isa = PBXBuildFile; fileRef = 2856EB9F2736CE2A00B6FB8A /* ScrollViewController.storyboard */; };
		2856EBA12736CE2A00B6FB8A /* ScrollViewController.storyboard in Resources */ = {isa = PBXBuildFile; fileRef = 2856EB9F2736CE2A00B6FB8A /* ScrollViewController.storyboard */; };
		2856EBA42736D6B400B6FB8A /* PriorityController.swift in Sources */ = {isa = PBXBuildFile; fileRef = 2856EBA32736D6B400B6FB8A /* PriorityController.swift */; };
		2856EBA52736D6B400B6FB8A /* PriorityController.swift in Sources */ = {isa = PBXBuildFile; fileRef = 2856EBA32736D6B400B6FB8A /* PriorityController.swift */; };
		2856EBA72736D6F100B6FB8A /* PriorityController.storyboard in Resources */ = {isa = PBXBuildFile; fileRef = 2856EBA62736D6F100B6FB8A /* PriorityController.storyboard */; };
		2856EBA82736D6F100B6FB8A /* PriorityController.storyboard in Resources */ = {isa = PBXBuildFile; fileRef = 2856EBA62736D6F100B6FB8A /* PriorityController.storyboard */; };
		2856EBAB2737C25C00B6FB8A /* SnapKitController.swift in Sources */ = {isa = PBXBuildFile; fileRef = 2856EBAA2737C25C00B6FB8A /* SnapKitController.swift */; };
		2856EBAC2737C25C00B6FB8A /* SnapKitController.swift in Sources */ = {isa = PBXBuildFile; fileRef = 2856EBAA2737C25C00B6FB8A /* SnapKitController.swift */; };
		2876273926FE30990016DDB8 /* LoginEnum.swift in Sources */ = {isa = PBXBuildFile; fileRef = 2876273826FE30990016DDB8 /* LoginEnum.swift */; };
		2893630F2712BF1F004F80A7 /* MyXibView.swift in Sources */ = {isa = PBXBuildFile; fileRef = 2800593926E3B569005D40AB /* MyXibView.swift */; };
		289363102712BF1F004F80A7 /* StoryBoardViewController.swift in Sources */ = {isa = PBXBuildFile; fileRef = 2800593326E3AB6B005D40AB /* StoryBoardViewController.swift */; };
		289363112712BF1F004F80A7 /* MyConstant.swift in Sources */ = {isa = PBXBuildFile; fileRef = 28B67B532700A26C00751945 /* MyConstant.swift */; };
		289363122712BF1F004F80A7 /* LViewModel.swift in Sources */ = {isa = PBXBuildFile; fileRef = 28B67B552704A80A00751945 /* LViewModel.swift */; };
		289363132712BF1F004F80A7 /* LVM.swift in Sources */ = {isa = PBXBuildFile; fileRef = 28B67B4F26FEF33200751945 /* LVM.swift */; };
		289363142712BF1F004F80A7 /* HomeViewController3.swift in Sources */ = {isa = PBXBuildFile; fileRef = 2800593B26E3BE07005D40AB /* HomeViewController3.swift */; };
		289363152712BF1F004F80A7 /* XibBaseView.swift in Sources */ = {isa = PBXBuildFile; fileRef = 2800594026E8E49C005D40AB /* XibBaseView.swift */; };
		289363162712BF1F004F80A7 /* LoginEnum.swift in Sources */ = {isa = PBXBuildFile; fileRef = 2876273826FE30990016DDB8 /* LoginEnum.swift */; };
		289363172712BF1F004F80A7 /* LoginViewController.swift in Sources */ = {isa = PBXBuildFile; fileRef = 2800594226EA4E00005D40AB /* LoginViewController.swift */; };
		289363182712BF1F004F80A7 /* LoginVM.swift in Sources */ = {isa = PBXBuildFile; fileRef = 2800594826EA535C005D40AB /* LoginVM.swift */; };
		289363192712BF1F004F80A7 /* MyError.swift in Sources */ = {isa = PBXBuildFile; fileRef = 28B67B5126FF058500751945 /* MyError.swift */; };
		2893631A2712BF1F004F80A7 /* LoginService.swift in Sources */ = {isa = PBXBuildFile; fileRef = 2800594D26ECFC5F005D40AB /* LoginService.swift */; };
		2893631B2712BF1F004F80A7 /* AppDelegate.swift in Sources */ = {isa = PBXBuildFile; fileRef = 280058F726E10A49005D40AB /* AppDelegate.swift */; };
		2893631C2712BF1F004F80A7 /* RootNavigationController.swift in Sources */ = {isa = PBXBuildFile; fileRef = 2800592726E10E18005D40AB /* RootNavigationController.swift */; };
		2893631D2712BF1F004F80A7 /* LoginViewModel.swift in Sources */ = {isa = PBXBuildFile; fileRef = 2800594B26ECFC54005D40AB /* LoginViewModel.swift */; };
		2893631E2712BF1F004F80A7 /* RootViewController.swift in Sources */ = {isa = PBXBuildFile; fileRef = 2800592926E118C7005D40AB /* RootViewController.swift */; };
		289363222712BF1F004F80A7 /* LaunchScreen.storyboard in Resources */ = {isa = PBXBuildFile; fileRef = 2800590226E10A4B005D40AB /* LaunchScreen.storyboard */; };
		289363232712BF1F004F80A7 /* Assets.xcassets in Resources */ = {isa = PBXBuildFile; fileRef = 2800590026E10A4B005D40AB /* Assets.xcassets */; };
		289363242712BF1F004F80A7 /* MyXibView.xib in Resources */ = {isa = PBXBuildFile; fileRef = 2800593726E3B143005D40AB /* MyXibView.xib */; };
		289363252712BF1F004F80A7 /* StoryBoardViewController.storyboard in Resources */ = {isa = PBXBuildFile; fileRef = 2800593526E3AD05005D40AB /* StoryBoardViewController.storyboard */; };
		289363262712BF1F004F80A7 /* HomeViewController3.xib in Resources */ = {isa = PBXBuildFile; fileRef = 2800593C26E3BE07005D40AB /* HomeViewController3.xib */; };
		289363272712BF1F004F80A7 /* LoginViewController.storyboard in Resources */ = {isa = PBXBuildFile; fileRef = 2800594426EA4E28005D40AB /* LoginViewController.storyboard */; };
		289363282712BF1F004F80A7 /* Main.storyboard in Resources */ = {isa = PBXBuildFile; fileRef = 280058FD26E10A49005D40AB /* Main.storyboard */; };
		2893633127187593004F80A7 /* BaseVC.swift in Sources */ = {isa = PBXBuildFile; fileRef = 2893633027187593004F80A7 /* BaseVC.swift */; };
		28936332271876E7004F80A7 /* BaseVC.swift in Sources */ = {isa = PBXBuildFile; fileRef = 2893633027187593004F80A7 /* BaseVC.swift */; };
		28936334271878B4004F80A7 /* MyVC.swift in Sources */ = {isa = PBXBuildFile; fileRef = 28936333271878B4004F80A7 /* MyVC.swift */; };
		28936335271878F6004F80A7 /* MyVC.swift in Sources */ = {isa = PBXBuildFile; fileRef = 28936333271878B4004F80A7 /* MyVC.swift */; };
		28B67B5026FEF33300751945 /* LVM.swift in Sources */ = {isa = PBXBuildFile; fileRef = 28B67B4F26FEF33200751945 /* LVM.swift */; };
		28B67B5226FF058500751945 /* MyError.swift in Sources */ = {isa = PBXBuildFile; fileRef = 28B67B5126FF058500751945 /* MyError.swift */; };
		28B67B542700A26C00751945 /* MyConstant.swift in Sources */ = {isa = PBXBuildFile; fileRef = 28B67B532700A26C00751945 /* MyConstant.swift */; };
		28B67B562704A80A00751945 /* LViewModel.swift in Sources */ = {isa = PBXBuildFile; fileRef = 28B67B552704A80A00751945 /* LViewModel.swift */; };
		422AA44254BEC212D8849393 /* Pods_IB_MyIB.framework in Frameworks */ = {isa = PBXBuildFile; fileRef = 8334B0EF759D3FC6642A2798 /* Pods_IB_MyIB.framework */; };
		725E93DAD0855056E7C26318 /* Pods_IB_MyTarget.framework in Frameworks */ = {isa = PBXBuildFile; fileRef = 3C229DC81BBDFDACC9220A33 /* Pods_IB_MyTarget.framework */; };
		9B63C74E1EEFA9FAC2844920 /* Pods_IB_MyIBUITests.framework in Frameworks */ = {isa = PBXBuildFile; fileRef = 934EAB2823E935CB13697B33 /* Pods_IB_MyIBUITests.framework */; };
/* End PBXBuildFile section */

/* Begin PBXContainerItemProxy section */
		2800590B26E10A4B005D40AB /* PBXContainerItemProxy */ = {
			isa = PBXContainerItemProxy;
			containerPortal = 280058EC26E10A49005D40AB /* Project object */;
			proxyType = 1;
			remoteGlobalIDString = 280058F326E10A49005D40AB;
			remoteInfo = MyIB;
		};
		2800591626E10A4B005D40AB /* PBXContainerItemProxy */ = {
			isa = PBXContainerItemProxy;
			containerPortal = 280058EC26E10A49005D40AB /* Project object */;
			proxyType = 1;
			remoteGlobalIDString = 280058F326E10A49005D40AB;
			remoteInfo = MyIB;
		};
/* End PBXContainerItemProxy section */

/* Begin PBXFileReference section */
		0B7A802E61C696CF3ED4E8B9 /* Pods-MyIBTests.debug.xcconfig */ = {isa = PBXFileReference; includeInIndex = 1; lastKnownFileType = text.xcconfig; name = "Pods-MyIBTests.debug.xcconfig"; path = "Target Support Files/Pods-MyIBTests/Pods-MyIBTests.debug.xcconfig"; sourceTree = "<group>"; };
		0F2A2BA2FD9BAD1E057FB34C /* Pods-IB-MyIB.debug.xcconfig */ = {isa = PBXFileReference; includeInIndex = 1; lastKnownFileType = text.xcconfig; name = "Pods-IB-MyIB.debug.xcconfig"; path = "Target Support Files/Pods-IB-MyIB/Pods-IB-MyIB.debug.xcconfig"; sourceTree = "<group>"; };
		156AB4009F09F5A537FCE8A9 /* Pods-MyTarget.release.xcconfig */ = {isa = PBXFileReference; includeInIndex = 1; lastKnownFileType = text.xcconfig; name = "Pods-MyTarget.release.xcconfig"; path = "Target Support Files/Pods-MyTarget/Pods-MyTarget.release.xcconfig"; sourceTree = "<group>"; };
		280058F426E10A49005D40AB /* MyIB.app */ = {isa = PBXFileReference; explicitFileType = wrapper.application; includeInIndex = 0; path = MyIB.app; sourceTree = BUILT_PRODUCTS_DIR; };
		280058F726E10A49005D40AB /* AppDelegate.swift */ = {isa = PBXFileReference; lastKnownFileType = sourcecode.swift; path = AppDelegate.swift; sourceTree = "<group>"; };
		280058FE26E10A49005D40AB /* Base */ = {isa = PBXFileReference; lastKnownFileType = file.storyboard; name = Base; path = Base.lproj/Main.storyboard; sourceTree = "<group>"; };
		2800590026E10A4B005D40AB /* Assets.xcassets */ = {isa = PBXFileReference; lastKnownFileType = folder.assetcatalog; path = Assets.xcassets; sourceTree = "<group>"; };
		2800590326E10A4B005D40AB /* Base */ = {isa = PBXFileReference; lastKnownFileType = file.storyboard; name = Base; path = Base.lproj/LaunchScreen.storyboard; sourceTree = "<group>"; };
		2800590526E10A4B005D40AB /* Info.plist */ = {isa = PBXFileReference; lastKnownFileType = text.plist.xml; path = Info.plist; sourceTree = "<group>"; };
		2800590A26E10A4B005D40AB /* MyIBTests.xctest */ = {isa = PBXFileReference; explicitFileType = wrapper.cfbundle; includeInIndex = 0; path = MyIBTests.xctest; sourceTree = BUILT_PRODUCTS_DIR; };
		2800590E26E10A4B005D40AB /* MyIBTests.swift */ = {isa = PBXFileReference; lastKnownFileType = sourcecode.swift; path = MyIBTests.swift; sourceTree = "<group>"; };
		2800591026E10A4B005D40AB /* Info.plist */ = {isa = PBXFileReference; lastKnownFileType = text.plist.xml; path = Info.plist; sourceTree = "<group>"; };
		2800591526E10A4B005D40AB /* MyIBUITests.xctest */ = {isa = PBXFileReference; explicitFileType = wrapper.cfbundle; includeInIndex = 0; path = MyIBUITests.xctest; sourceTree = BUILT_PRODUCTS_DIR; };
		2800591926E10A4B005D40AB /* MyIBUITests.swift */ = {isa = PBXFileReference; lastKnownFileType = sourcecode.swift; path = MyIBUITests.swift; sourceTree = "<group>"; };
		2800591B26E10A4B005D40AB /* Info.plist */ = {isa = PBXFileReference; lastKnownFileType = text.plist.xml; path = Info.plist; sourceTree = "<group>"; };
		2800592726E10E18005D40AB /* RootNavigationController.swift */ = {isa = PBXFileReference; lastKnownFileType = sourcecode.swift; path = RootNavigationController.swift; sourceTree = "<group>"; };
		2800592926E118C7005D40AB /* RootViewController.swift */ = {isa = PBXFileReference; lastKnownFileType = sourcecode.swift; path = RootViewController.swift; sourceTree = "<group>"; };
		2800593326E3AB6B005D40AB /* StoryBoardViewController.swift */ = {isa = PBXFileReference; lastKnownFileType = sourcecode.swift; path = StoryBoardViewController.swift; sourceTree = "<group>"; };
		2800593526E3AD05005D40AB /* StoryBoardViewController.storyboard */ = {isa = PBXFileReference; lastKnownFileType = file.storyboard; path = StoryBoardViewController.storyboard; sourceTree = "<group>"; };
		2800593726E3B143005D40AB /* MyXibView.xib */ = {isa = PBXFileReference; lastKnownFileType = file.xib; path = MyXibView.xib; sourceTree = "<group>"; };
		2800593926E3B569005D40AB /* MyXibView.swift */ = {isa = PBXFileReference; lastKnownFileType = sourcecode.swift; path = MyXibView.swift; sourceTree = "<group>"; };
		2800593B26E3BE07005D40AB /* HomeViewController3.swift */ = {isa = PBXFileReference; lastKnownFileType = sourcecode.swift; path = HomeViewController3.swift; sourceTree = "<group>"; };
		2800593C26E3BE07005D40AB /* HomeViewController3.xib */ = {isa = PBXFileReference; lastKnownFileType = file.xib; path = HomeViewController3.xib; sourceTree = "<group>"; };
		2800594026E8E49C005D40AB /* XibBaseView.swift */ = {isa = PBXFileReference; lastKnownFileType = sourcecode.swift; path = XibBaseView.swift; sourceTree = "<group>"; };
		2800594226EA4E00005D40AB /* LoginViewController.swift */ = {isa = PBXFileReference; lastKnownFileType = sourcecode.swift; path = LoginViewController.swift; sourceTree = "<group>"; };
		2800594426EA4E28005D40AB /* LoginViewController.storyboard */ = {isa = PBXFileReference; lastKnownFileType = file.storyboard; path = LoginViewController.storyboard; sourceTree = "<group>"; };
		2800594826EA535C005D40AB /* LoginVM.swift */ = {isa = PBXFileReference; lastKnownFileType = sourcecode.swift; path = LoginVM.swift; sourceTree = "<group>"; };
		2800594B26ECFC54005D40AB /* LoginViewModel.swift */ = {isa = PBXFileReference; lastKnownFileType = sourcecode.swift; path = LoginViewModel.swift; sourceTree = "<group>"; };
		2800594D26ECFC5F005D40AB /* LoginService.swift */ = {isa = PBXFileReference; lastKnownFileType = sourcecode.swift; path = LoginService.swift; sourceTree = "<group>"; };
		28133DE2276DE68100BE185D /* RXController.swift */ = {isa = PBXFileReference; lastKnownFileType = sourcecode.swift; path = RXController.swift; sourceTree = "<group>"; };
		28133DE7276DE69000BE185D /* RXController.storyboard */ = {isa = PBXFileReference; lastKnownFileType = file.storyboard; path = RXController.storyboard; sourceTree = "<group>"; };
		281B4C762774A72C003B8D35 /* SwiftLanguageController.swift */ = {isa = PBXFileReference; lastKnownFileType = sourcecode.swift; path = SwiftLanguageController.swift; sourceTree = "<group>"; };
		282DEADB271C58E200EAC9A4 /* MyTableviewController.swift */ = {isa = PBXFileReference; lastKnownFileType = sourcecode.swift; path = MyTableviewController.swift; sourceTree = "<group>"; };
		282DEADE271C58F200EAC9A4 /* MyTableviewController.storyboard */ = {isa = PBXFileReference; lastKnownFileType = file.storyboard; path = MyTableviewController.storyboard; sourceTree = "<group>"; };
		282DEAE1271C5CE700EAC9A4 /* MyCell.swift */ = {isa = PBXFileReference; lastKnownFileType = sourcecode.swift; path = MyCell.swift; sourceTree = "<group>"; };
		282DEAE7271C5D3C00EAC9A4 /* MyCell.xib */ = {isa = PBXFileReference; lastKnownFileType = file.xib; path = MyCell.xib; sourceTree = "<group>"; };
		2856EB8A2735668100B6FB8A /* UIStackViewController.swift */ = {isa = PBXFileReference; lastKnownFileType = sourcecode.swift; path = UIStackViewController.swift; sourceTree = "<group>"; };
		2856EB8D273566A900B6FB8A /* UIStackViewController.storyboard */ = {isa = PBXFileReference; lastKnownFileType = file.storyboard; path = UIStackViewController.storyboard; sourceTree = "<group>"; };
		2856EB9127356CDA00B6FB8A /* CalculatorController.swift */ = {isa = PBXFileReference; lastKnownFileType = sourcecode.swift; path = CalculatorController.swift; sourceTree = "<group>"; };
		2856EB9427356CFC00B6FB8A /* CalculatorController.storyboard */ = {isa = PBXFileReference; lastKnownFileType = file.storyboard; path = CalculatorController.storyboard; sourceTree = "<group>"; };
		2856EB982736CC9500B6FB8A /* BaseViewController.swift */ = {isa = PBXFileReference; lastKnownFileType = sourcecode.swift; path = BaseViewController.swift; sourceTree = "<group>"; };
		2856EB9C2736CE2000B6FB8A /* ScrollViewController.swift */ = {isa = PBXFileReference; lastKnownFileType = sourcecode.swift; path = ScrollViewController.swift; sourceTree = "<group>"; };
		2856EB9F2736CE2A00B6FB8A /* ScrollViewController.storyboard */ = {isa = PBXFileReference; lastKnownFileType = file.storyboard; path = ScrollViewController.storyboard; sourceTree = "<group>"; };
		2856EBA32736D6B400B6FB8A /* PriorityController.swift */ = {isa = PBXFileReference; lastKnownFileType = sourcecode.swift; path = PriorityController.swift; sourceTree = "<group>"; };
		2856EBA62736D6F100B6FB8A /* PriorityController.storyboard */ = {isa = PBXFileReference; lastKnownFileType = file.storyboard; path = PriorityController.storyboard; sourceTree = "<group>"; };
		2856EBAA2737C25C00B6FB8A /* SnapKitController.swift */ = {isa = PBXFileReference; lastKnownFileType = sourcecode.swift; path = SnapKitController.swift; sourceTree = "<group>"; };
		2876273826FE30990016DDB8 /* LoginEnum.swift */ = {isa = PBXFileReference; lastKnownFileType = sourcecode.swift; path = LoginEnum.swift; sourceTree = "<group>"; };
		2893632D2712BF1F004F80A7 /* MyTarget.app */ = {isa = PBXFileReference; explicitFileType = wrapper.application; includeInIndex = 0; path = MyTarget.app; sourceTree = BUILT_PRODUCTS_DIR; };
		2893632E2712BF20004F80A7 /* MyIB copy-Info.plist */ = {isa = PBXFileReference; lastKnownFileType = text.plist.xml; name = "MyIB copy-Info.plist"; path = "/Users/lipengda/dev/projects/iOS/MyIB/MyIB copy-Info.plist"; sourceTree = "<absolute>"; };
		2893633027187593004F80A7 /* BaseVC.swift */ = {isa = PBXFileReference; lastKnownFileType = sourcecode.swift; path = BaseVC.swift; sourceTree = "<group>"; };
		28936333271878B4004F80A7 /* MyVC.swift */ = {isa = PBXFileReference; lastKnownFileType = sourcecode.swift; path = MyVC.swift; sourceTree = "<group>"; };
		28B67B4F26FEF33200751945 /* LVM.swift */ = {isa = PBXFileReference; lastKnownFileType = sourcecode.swift; path = LVM.swift; sourceTree = "<group>"; };
		28B67B5126FF058500751945 /* MyError.swift */ = {isa = PBXFileReference; lastKnownFileType = sourcecode.swift; path = MyError.swift; sourceTree = "<group>"; };
		28B67B532700A26C00751945 /* MyConstant.swift */ = {isa = PBXFileReference; lastKnownFileType = sourcecode.swift; path = MyConstant.swift; sourceTree = "<group>"; };
		28B67B552704A80A00751945 /* LViewModel.swift */ = {isa = PBXFileReference; lastKnownFileType = sourcecode.swift; path = LViewModel.swift; sourceTree = "<group>"; };
		3C229DC81BBDFDACC9220A33 /* Pods_IB_MyTarget.framework */ = {isa = PBXFileReference; explicitFileType = wrapper.framework; includeInIndex = 0; path = Pods_IB_MyTarget.framework; sourceTree = BUILT_PRODUCTS_DIR; };
		48FBECE830254ECC355077EC /* Pods-IB-MyIBUITests.debug.xcconfig */ = {isa = PBXFileReference; includeInIndex = 1; lastKnownFileType = text.xcconfig; name = "Pods-IB-MyIBUITests.debug.xcconfig"; path = "Target Support Files/Pods-IB-MyIBUITests/Pods-IB-MyIBUITests.debug.xcconfig"; sourceTree = "<group>"; };
		6B436E558F166DF8ED9E109D /* Pods-MyIB.release.xcconfig */ = {isa = PBXFileReference; includeInIndex = 1; lastKnownFileType = text.xcconfig; name = "Pods-MyIB.release.xcconfig"; path = "Target Support Files/Pods-MyIB/Pods-MyIB.release.xcconfig"; sourceTree = "<group>"; };
		6C28C50C8417665A000ECC18 /* Pods-IB-MyIB.release.xcconfig */ = {isa = PBXFileReference; includeInIndex = 1; lastKnownFileType = text.xcconfig; name = "Pods-IB-MyIB.release.xcconfig"; path = "Target Support Files/Pods-IB-MyIB/Pods-IB-MyIB.release.xcconfig"; sourceTree = "<group>"; };
		6CF8F35876C9380B94905D69 /* Pods-MyIB-MyIBUITests.debug.xcconfig */ = {isa = PBXFileReference; includeInIndex = 1; lastKnownFileType = text.xcconfig; name = "Pods-MyIB-MyIBUITests.debug.xcconfig"; path = "Target Support Files/Pods-MyIB-MyIBUITests/Pods-MyIB-MyIBUITests.debug.xcconfig"; sourceTree = "<group>"; };
		8334B0EF759D3FC6642A2798 /* Pods_IB_MyIB.framework */ = {isa = PBXFileReference; explicitFileType = wrapper.framework; includeInIndex = 0; path = Pods_IB_MyIB.framework; sourceTree = BUILT_PRODUCTS_DIR; };
		8AF2ED882C0570DD1E2C36B8 /* Pods-IB-MyTarget.release.xcconfig */ = {isa = PBXFileReference; includeInIndex = 1; lastKnownFileType = text.xcconfig; name = "Pods-IB-MyTarget.release.xcconfig"; path = "Target Support Files/Pods-IB-MyTarget/Pods-IB-MyTarget.release.xcconfig"; sourceTree = "<group>"; };
		934EAB2823E935CB13697B33 /* Pods_IB_MyIBUITests.framework */ = {isa = PBXFileReference; explicitFileType = wrapper.framework; includeInIndex = 0; path = Pods_IB_MyIBUITests.framework; sourceTree = BUILT_PRODUCTS_DIR; };
		9676A7E49906D8BF5A8A221D /* Pods_MyIBTests.framework */ = {isa = PBXFileReference; explicitFileType = wrapper.framework; includeInIndex = 0; path = Pods_MyIBTests.framework; sourceTree = BUILT_PRODUCTS_DIR; };
		A1234F98E8EFBF904DC022D2 /* Pods-MyIB-MyIBUITests.release.xcconfig */ = {isa = PBXFileReference; includeInIndex = 1; lastKnownFileType = text.xcconfig; name = "Pods-MyIB-MyIBUITests.release.xcconfig"; path = "Target Support Files/Pods-MyIB-MyIBUITests/Pods-MyIB-MyIBUITests.release.xcconfig"; sourceTree = "<group>"; };
		D83B9185388DDC1DFBFF678E /* Pods-IB-MyTarget.debug.xcconfig */ = {isa = PBXFileReference; includeInIndex = 1; lastKnownFileType = text.xcconfig; name = "Pods-IB-MyTarget.debug.xcconfig"; path = "Target Support Files/Pods-IB-MyTarget/Pods-IB-MyTarget.debug.xcconfig"; sourceTree = "<group>"; };
		E184BCEC1ECDD738464BEAF9 /* Pods-MyIBTests.release.xcconfig */ = {isa = PBXFileReference; includeInIndex = 1; lastKnownFileType = text.xcconfig; name = "Pods-MyIBTests.release.xcconfig"; path = "Target Support Files/Pods-MyIBTests/Pods-MyIBTests.release.xcconfig"; sourceTree = "<group>"; };
		E87F9E75D43D624D6E2E616B /* Pods-MyTarget.debug.xcconfig */ = {isa = PBXFileReference; includeInIndex = 1; lastKnownFileType = text.xcconfig; name = "Pods-MyTarget.debug.xcconfig"; path = "Target Support Files/Pods-MyTarget/Pods-MyTarget.debug.xcconfig"; sourceTree = "<group>"; };
		EC057736587B205D5BD70B4D /* Pods-IB-MyIBUITests.release.xcconfig */ = {isa = PBXFileReference; includeInIndex = 1; lastKnownFileType = text.xcconfig; name = "Pods-IB-MyIBUITests.release.xcconfig"; path = "Target Support Files/Pods-IB-MyIBUITests/Pods-IB-MyIBUITests.release.xcconfig"; sourceTree = "<group>"; };
		F7753EA657E579F696F6EF2B /* Pods-MyIB.debug.xcconfig */ = {isa = PBXFileReference; includeInIndex = 1; lastKnownFileType = text.xcconfig; name = "Pods-MyIB.debug.xcconfig"; path = "Target Support Files/Pods-MyIB/Pods-MyIB.debug.xcconfig"; sourceTree = "<group>"; };
/* End PBXFileReference section */

/* Begin PBXFrameworksBuildPhase section */
		280058F126E10A49005D40AB /* Frameworks */ = {
			isa = PBXFrameworksBuildPhase;
			buildActionMask = 2147483647;
			files = (
				422AA44254BEC212D8849393 /* Pods_IB_MyIB.framework in Frameworks */,
			);
			runOnlyForDeploymentPostprocessing = 0;
		};
		2800590726E10A4B005D40AB /* Frameworks */ = {
			isa = PBXFrameworksBuildPhase;
			buildActionMask = 2147483647;
			files = (
				2345EC261B0ED40FA069AED4 /* Pods_MyIBTests.framework in Frameworks */,
			);
			runOnlyForDeploymentPostprocessing = 0;
		};
		2800591226E10A4B005D40AB /* Frameworks */ = {
			isa = PBXFrameworksBuildPhase;
			buildActionMask = 2147483647;
			files = (
				9B63C74E1EEFA9FAC2844920 /* Pods_IB_MyIBUITests.framework in Frameworks */,
			);
			runOnlyForDeploymentPostprocessing = 0;
		};
		2893631F2712BF1F004F80A7 /* Frameworks */ = {
			isa = PBXFrameworksBuildPhase;
			buildActionMask = 2147483647;
			files = (
				725E93DAD0855056E7C26318 /* Pods_IB_MyTarget.framework in Frameworks */,
			);
			runOnlyForDeploymentPostprocessing = 0;
		};
/* End PBXFrameworksBuildPhase section */

/* Begin PBXGroup section */
		07F5163238E4BE2A31868A12 /* Pods */ = {
			isa = PBXGroup;
			children = (
				6CF8F35876C9380B94905D69 /* Pods-MyIB-MyIBUITests.debug.xcconfig */,
				A1234F98E8EFBF904DC022D2 /* Pods-MyIB-MyIBUITests.release.xcconfig */,
				0B7A802E61C696CF3ED4E8B9 /* Pods-MyIBTests.debug.xcconfig */,
				E184BCEC1ECDD738464BEAF9 /* Pods-MyIBTests.release.xcconfig */,
				F7753EA657E579F696F6EF2B /* Pods-MyIB.debug.xcconfig */,
				6B436E558F166DF8ED9E109D /* Pods-MyIB.release.xcconfig */,
				E87F9E75D43D624D6E2E616B /* Pods-MyTarget.debug.xcconfig */,
				156AB4009F09F5A537FCE8A9 /* Pods-MyTarget.release.xcconfig */,
				0F2A2BA2FD9BAD1E057FB34C /* Pods-IB-MyIB.debug.xcconfig */,
				6C28C50C8417665A000ECC18 /* Pods-IB-MyIB.release.xcconfig */,
				48FBECE830254ECC355077EC /* Pods-IB-MyIBUITests.debug.xcconfig */,
				EC057736587B205D5BD70B4D /* Pods-IB-MyIBUITests.release.xcconfig */,
				D83B9185388DDC1DFBFF678E /* Pods-IB-MyTarget.debug.xcconfig */,
				8AF2ED882C0570DD1E2C36B8 /* Pods-IB-MyTarget.release.xcconfig */,
			);
			path = Pods;
			sourceTree = "<group>";
		};
		280058EB26E10A49005D40AB = {
			isa = PBXGroup;
			children = (
				280058F626E10A49005D40AB /* MyIB */,
				2800590D26E10A4B005D40AB /* MyIBTests */,
				2800591826E10A4B005D40AB /* MyIBUITests */,
				280058F526E10A49005D40AB /* Products */,
				07F5163238E4BE2A31868A12 /* Pods */,
				8ED5CFAC53155FD0249F0B35 /* Frameworks */,
				2893632E2712BF20004F80A7 /* MyIB copy-Info.plist */,
			);
			sourceTree = "<group>";
		};
		280058F526E10A49005D40AB /* Products */ = {
			isa = PBXGroup;
			children = (
				280058F426E10A49005D40AB /* MyIB.app */,
				2800590A26E10A4B005D40AB /* MyIBTests.xctest */,
				2800591526E10A4B005D40AB /* MyIBUITests.xctest */,
				2893632D2712BF1F004F80A7 /* MyTarget.app */,
			);
			name = Products;
			sourceTree = "<group>";
		};
		280058F626E10A49005D40AB /* MyIB */ = {
			isa = PBXGroup;
			children = (
				2800594626EA531F005D40AB /* Module */,
				280058F726E10A49005D40AB /* AppDelegate.swift */,
				2800592726E10E18005D40AB /* RootNavigationController.swift */,
				2800592926E118C7005D40AB /* RootViewController.swift */,
				2800593326E3AB6B005D40AB /* StoryBoardViewController.swift */,
				2800593526E3AD05005D40AB /* StoryBoardViewController.storyboard */,
				2800594026E8E49C005D40AB /* XibBaseView.swift */,
				2800593726E3B143005D40AB /* MyXibView.xib */,
				2800593926E3B569005D40AB /* MyXibView.swift */,
				2800593B26E3BE07005D40AB /* HomeViewController3.swift */,
				2800593C26E3BE07005D40AB /* HomeViewController3.xib */,
				280058FD26E10A49005D40AB /* Main.storyboard */,
				2800590026E10A4B005D40AB /* Assets.xcassets */,
				2800590226E10A4B005D40AB /* LaunchScreen.storyboard */,
				2800590526E10A4B005D40AB /* Info.plist */,
			);
			path = MyIB;
			sourceTree = "<group>";
		};
		2800590D26E10A4B005D40AB /* MyIBTests */ = {
			isa = PBXGroup;
			children = (
				2800590E26E10A4B005D40AB /* MyIBTests.swift */,
				2800591026E10A4B005D40AB /* Info.plist */,
			);
			path = MyIBTests;
			sourceTree = "<group>";
		};
		2800591826E10A4B005D40AB /* MyIBUITests */ = {
			isa = PBXGroup;
			children = (
				2800591926E10A4B005D40AB /* MyIBUITests.swift */,
				2800591B26E10A4B005D40AB /* Info.plist */,
			);
			path = MyIBUITests;
			sourceTree = "<group>";
		};
		2800594626EA531F005D40AB /* Module */ = {
			isa = PBXGroup;
			children = (
				281B4C752774A6DD003B8D35 /* SwiftLanguage */,
				28133DE1276DE62500BE185D /* RX */,
				2856EBA92737C24700B6FB8A /* SnapKit */,
				2856EBA22736D62300B6FB8A /* Priority */,
				2856EB9B2736CE1000B6FB8A /* ScrollView */,
				2856EB972736CC8600B6FB8A /* Base */,
				2856EB9027356CC900B6FB8A /* Calculator */,
				2856EB892735663A00B6FB8A /* StackView */,
				282DEADA271C58C800EAC9A4 /* TableView */,
				2893632F27187583004F80A7 /* Extension */,
				2800594726EA5325005D40AB /* Login */,
			);
			path = Module;
			sourceTree = "<group>";
		};
		2800594726EA5325005D40AB /* Login */ = {
			isa = PBXGroup;
			children = (
				2800594226EA4E00005D40AB /* LoginViewController.swift */,
				2800594426EA4E28005D40AB /* LoginViewController.storyboard */,
				2800594826EA535C005D40AB /* LoginVM.swift */,
				2800594B26ECFC54005D40AB /* LoginViewModel.swift */,
				28B67B4F26FEF33200751945 /* LVM.swift */,
				28B67B552704A80A00751945 /* LViewModel.swift */,
				2800594D26ECFC5F005D40AB /* LoginService.swift */,
				2876273826FE30990016DDB8 /* LoginEnum.swift */,
				28B67B5126FF058500751945 /* MyError.swift */,
				28B67B532700A26C00751945 /* MyConstant.swift */,
			);
			path = Login;
			sourceTree = "<group>";
		};
		28133DE1276DE62500BE185D /* RX */ = {
			isa = PBXGroup;
			children = (
				28133DE2276DE68100BE185D /* RXController.swift */,
				28133DE7276DE69000BE185D /* RXController.storyboard */,
			);
			path = RX;
			sourceTree = "<group>";
		};
		281B4C752774A6DD003B8D35 /* SwiftLanguage */ = {
			isa = PBXGroup;
			children = (
				281B4C762774A72C003B8D35 /* SwiftLanguageController.swift */,
			);
			path = SwiftLanguage;
			sourceTree = "<group>";
		};
		282DEADA271C58C800EAC9A4 /* TableView */ = {
			isa = PBXGroup;
			children = (
				282DEADB271C58E200EAC9A4 /* MyTableviewController.swift */,
				282DEADE271C58F200EAC9A4 /* MyTableviewController.storyboard */,
				282DEAE1271C5CE700EAC9A4 /* MyCell.swift */,
				282DEAE7271C5D3C00EAC9A4 /* MyCell.xib */,
			);
			path = TableView;
			sourceTree = "<group>";
		};
		2856EB892735663A00B6FB8A /* StackView */ = {
			isa = PBXGroup;
			children = (
				2856EB8A2735668100B6FB8A /* UIStackViewController.swift */,
				2856EB8D273566A900B6FB8A /* UIStackViewController.storyboard */,
			);
			path = StackView;
			sourceTree = "<group>";
		};
		2856EB9027356CC900B6FB8A /* Calculator */ = {
			isa = PBXGroup;
			children = (
				2856EB9127356CDA00B6FB8A /* CalculatorController.swift */,
				2856EB9427356CFC00B6FB8A /* CalculatorController.storyboard */,
			);
			path = Calculator;
			sourceTree = "<group>";
		};
		2856EB972736CC8600B6FB8A /* Base */ = {
			isa = PBXGroup;
			children = (
				2856EB982736CC9500B6FB8A /* BaseViewController.swift */,
			);
			path = Base;
			sourceTree = "<group>";
		};
		2856EB9B2736CE1000B6FB8A /* ScrollView */ = {
			isa = PBXGroup;
			children = (
				2856EB9C2736CE2000B6FB8A /* ScrollViewController.swift */,
				2856EB9F2736CE2A00B6FB8A /* ScrollViewController.storyboard */,
			);
			path = ScrollView;
			sourceTree = "<group>";
		};
		2856EBA22736D62300B6FB8A /* Priority */ = {
			isa = PBXGroup;
			children = (
				2856EBA32736D6B400B6FB8A /* PriorityController.swift */,
				2856EBA62736D6F100B6FB8A /* PriorityController.storyboard */,
			);
			path = Priority;
			sourceTree = "<group>";
		};
		2856EBA92737C24700B6FB8A /* SnapKit */ = {
			isa = PBXGroup;
			children = (
				2856EBAA2737C25C00B6FB8A /* SnapKitController.swift */,
			);
			path = SnapKit;
			sourceTree = "<group>";
		};
		2893632F27187583004F80A7 /* Extension */ = {
			isa = PBXGroup;
			children = (
				2893633027187593004F80A7 /* BaseVC.swift */,
				28936333271878B4004F80A7 /* MyVC.swift */,
			);
			path = Extension;
			sourceTree = "<group>";
		};
		8ED5CFAC53155FD0249F0B35 /* Frameworks */ = {
			isa = PBXGroup;
			children = (
				9676A7E49906D8BF5A8A221D /* Pods_MyIBTests.framework */,
				8334B0EF759D3FC6642A2798 /* Pods_IB_MyIB.framework */,
				934EAB2823E935CB13697B33 /* Pods_IB_MyIBUITests.framework */,
				3C229DC81BBDFDACC9220A33 /* Pods_IB_MyTarget.framework */,
			);
			name = Frameworks;
			sourceTree = "<group>";
		};
/* End PBXGroup section */

/* Begin PBXNativeTarget section */
		280058F326E10A49005D40AB /* MyIB */ = {
			isa = PBXNativeTarget;
			buildConfigurationList = 2800591E26E10A4B005D40AB /* Build configuration list for PBXNativeTarget "MyIB" */;
			buildPhases = (
				1B528523C16534A4B25F7435 /* [CP] Check Pods Manifest.lock */,
				280058F026E10A49005D40AB /* Sources */,
				280058F126E10A49005D40AB /* Frameworks */,
				280058F226E10A49005D40AB /* Resources */,
				8F5E1BAB8BE9BBB6C0CBDF2B /* [CP] Embed Pods Frameworks */,
			);
			buildRules = (
			);
			dependencies = (
			);
			name = MyIB;
			productName = MyIB;
			productReference = 280058F426E10A49005D40AB /* MyIB.app */;
			productType = "com.apple.product-type.application";
		};
		2800590926E10A4B005D40AB /* MyIBTests */ = {
			isa = PBXNativeTarget;
			buildConfigurationList = 2800592126E10A4B005D40AB /* Build configuration list for PBXNativeTarget "MyIBTests" */;
			buildPhases = (
				D3FAC0B52D7BD4D97269D9F9 /* [CP] Check Pods Manifest.lock */,
				2800590626E10A4B005D40AB /* Sources */,
				2800590726E10A4B005D40AB /* Frameworks */,
				2800590826E10A4B005D40AB /* Resources */,
			);
			buildRules = (
			);
			dependencies = (
				2800590C26E10A4B005D40AB /* PBXTargetDependency */,
			);
			name = MyIBTests;
			productName = MyIBTests;
			productReference = 2800590A26E10A4B005D40AB /* MyIBTests.xctest */;
			productType = "com.apple.product-type.bundle.unit-test";
		};
		2800591426E10A4B005D40AB /* MyIBUITests */ = {
			isa = PBXNativeTarget;
			buildConfigurationList = 2800592426E10A4B005D40AB /* Build configuration list for PBXNativeTarget "MyIBUITests" */;
			buildPhases = (
				CC3BD8E7B0EC10E13C6F4084 /* [CP] Check Pods Manifest.lock */,
				2800591126E10A4B005D40AB /* Sources */,
				2800591226E10A4B005D40AB /* Frameworks */,
				2800591326E10A4B005D40AB /* Resources */,
				36BB624D99A20FB858A6B20A /* [CP] Embed Pods Frameworks */,
			);
			buildRules = (
			);
			dependencies = (
				2800591726E10A4B005D40AB /* PBXTargetDependency */,
			);
			name = MyIBUITests;
			productName = MyIBUITests;
			productReference = 2800591526E10A4B005D40AB /* MyIBUITests.xctest */;
			productType = "com.apple.product-type.bundle.ui-testing";
		};
		2893630C2712BF1F004F80A7 /* MyTarget */ = {
			isa = PBXNativeTarget;
			buildConfigurationList = 2893632A2712BF1F004F80A7 /* Build configuration list for PBXNativeTarget "MyTarget" */;
			buildPhases = (
				6431E763FA231B7CDF9F7D6F /* [CP] Check Pods Manifest.lock */,
				2893630E2712BF1F004F80A7 /* Sources */,
				2893631F2712BF1F004F80A7 /* Frameworks */,
				289363212712BF1F004F80A7 /* Resources */,
				0728B04C1C58B2D2FC4B690B /* [CP] Embed Pods Frameworks */,
			);
			buildRules = (
			);
			dependencies = (
			);
			name = MyTarget;
			productName = MyIB;
			productReference = 2893632D2712BF1F004F80A7 /* MyTarget.app */;
			productType = "com.apple.product-type.application";
		};
/* End PBXNativeTarget section */

/* Begin PBXProject section */
		280058EC26E10A49005D40AB /* Project object */ = {
			isa = PBXProject;
			attributes = {
				LastSwiftUpdateCheck = 1250;
				LastUpgradeCheck = 1250;
				TargetAttributes = {
					280058F326E10A49005D40AB = {
						CreatedOnToolsVersion = 12.5.1;
					};
					2800590926E10A4B005D40AB = {
						CreatedOnToolsVersion = 12.5.1;
						TestTargetID = 280058F326E10A49005D40AB;
					};
					2800591426E10A4B005D40AB = {
						CreatedOnToolsVersion = 12.5.1;
						TestTargetID = 280058F326E10A49005D40AB;
					};
				};
			};
			buildConfigurationList = 280058EF26E10A49005D40AB /* Build configuration list for PBXProject "MyIB" */;
			compatibilityVersion = "Xcode 9.3";
			developmentRegion = en;
			hasScannedForEncodings = 0;
			knownRegions = (
				en,
				Base,
			);
			mainGroup = 280058EB26E10A49005D40AB;
			productRefGroup = 280058F526E10A49005D40AB /* Products */;
			projectDirPath = "";
			projectRoot = "";
			targets = (
				280058F326E10A49005D40AB /* MyIB */,
				2800590926E10A4B005D40AB /* MyIBTests */,
				2800591426E10A4B005D40AB /* MyIBUITests */,
				2893630C2712BF1F004F80A7 /* MyTarget */,
			);
		};
/* End PBXProject section */

/* Begin PBXResourcesBuildPhase section */
		280058F226E10A49005D40AB /* Resources */ = {
			isa = PBXResourcesBuildPhase;
			buildActionMask = 2147483647;
			files = (
				2856EB8E273566A900B6FB8A /* UIStackViewController.storyboard in Resources */,
				282DEADF271C58F200EAC9A4 /* MyTableviewController.storyboard in Resources */,
				2800590426E10A4B005D40AB /* LaunchScreen.storyboard in Resources */,
				2800590126E10A4B005D40AB /* Assets.xcassets in Resources */,
				2856EBA02736CE2A00B6FB8A /* ScrollViewController.storyboard in Resources */,
				2800593826E3B143005D40AB /* MyXibView.xib in Resources */,
				2800593626E3AD05005D40AB /* StoryBoardViewController.storyboard in Resources */,
				2800593E26E3BE07005D40AB /* HomeViewController3.xib in Resources */,
				2800594526EA4E28005D40AB /* LoginViewController.storyboard in Resources */,
				2856EB9527356CFC00B6FB8A /* CalculatorController.storyboard in Resources */,
				28133DE8276DE69000BE185D /* RXController.storyboard in Resources */,
				2856EBA72736D6F100B6FB8A /* PriorityController.storyboard in Resources */,
				282DEAE8271C5D3C00EAC9A4 /* MyCell.xib in Resources */,
				280058FF26E10A49005D40AB /* Main.storyboard in Resources */,
			);
			runOnlyForDeploymentPostprocessing = 0;
		};
		2800590826E10A4B005D40AB /* Resources */ = {
			isa = PBXResourcesBuildPhase;
			buildActionMask = 2147483647;
			files = (
				28133DE9276DE69000BE185D /* RXController.storyboard in Resources */,
			);
			runOnlyForDeploymentPostprocessing = 0;
		};
		2800591326E10A4B005D40AB /* Resources */ = {
			isa = PBXResourcesBuildPhase;
			buildActionMask = 2147483647;
			files = (
				28133DEA276DE69000BE185D /* RXController.storyboard in Resources */,
			);
			runOnlyForDeploymentPostprocessing = 0;
		};
		289363212712BF1F004F80A7 /* Resources */ = {
			isa = PBXResourcesBuildPhase;
			buildActionMask = 2147483647;
			files = (
				2856EB8F273566A900B6FB8A /* UIStackViewController.storyboard in Resources */,
				282DEAE0271C58F200EAC9A4 /* MyTableviewController.storyboard in Resources */,
				289363222712BF1F004F80A7 /* LaunchScreen.storyboard in Resources */,
				289363232712BF1F004F80A7 /* Assets.xcassets in Resources */,
				2856EBA12736CE2A00B6FB8A /* ScrollViewController.storyboard in Resources */,
				289363242712BF1F004F80A7 /* MyXibView.xib in Resources */,
				289363252712BF1F004F80A7 /* StoryBoardViewController.storyboard in Resources */,
				289363262712BF1F004F80A7 /* HomeViewController3.xib in Resources */,
				289363272712BF1F004F80A7 /* LoginViewController.storyboard in Resources */,
				2856EB9627356CFC00B6FB8A /* CalculatorController.storyboard in Resources */,
				28133DEB276DE69000BE185D /* RXController.storyboard in Resources */,
				2856EBA82736D6F100B6FB8A /* PriorityController.storyboard in Resources */,
				282DEAE9271C5D3C00EAC9A4 /* MyCell.xib in Resources */,
				289363282712BF1F004F80A7 /* Main.storyboard in Resources */,
			);
			runOnlyForDeploymentPostprocessing = 0;
		};
/* End PBXResourcesBuildPhase section */

/* Begin PBXShellScriptBuildPhase section */
		0728B04C1C58B2D2FC4B690B /* [CP] Embed Pods Frameworks */ = {
			isa = PBXShellScriptBuildPhase;
			buildActionMask = 2147483647;
			files = (
			);
			inputFileListPaths = (
				"${PODS_ROOT}/Target Support Files/Pods-IB-MyTarget/Pods-IB-MyTarget-frameworks-${CONFIGURATION}-input-files.xcfilelist",
			);
			name = "[CP] Embed Pods Frameworks";
			outputFileListPaths = (
				"${PODS_ROOT}/Target Support Files/Pods-IB-MyTarget/Pods-IB-MyTarget-frameworks-${CONFIGURATION}-output-files.xcfilelist",
			);
			runOnlyForDeploymentPostprocessing = 0;
			shellPath = /bin/sh;
			shellScript = "\"${PODS_ROOT}/Target Support Files/Pods-IB-MyTarget/Pods-IB-MyTarget-frameworks.sh\"\n";
			showEnvVarsInLog = 0;
		};
		1B528523C16534A4B25F7435 /* [CP] Check Pods Manifest.lock */ = {
			isa = PBXShellScriptBuildPhase;
			buildActionMask = 2147483647;
			files = (
			);
			inputFileListPaths = (
			);
			inputPaths = (
				"${PODS_PODFILE_DIR_PATH}/Podfile.lock",
				"${PODS_ROOT}/Manifest.lock",
			);
			name = "[CP] Check Pods Manifest.lock";
			outputFileListPaths = (
			);
			outputPaths = (
				"$(DERIVED_FILE_DIR)/Pods-IB-MyIB-checkManifestLockResult.txt",
			);
			runOnlyForDeploymentPostprocessing = 0;
			shellPath = /bin/sh;
			shellScript = "diff \"${PODS_PODFILE_DIR_PATH}/Podfile.lock\" \"${PODS_ROOT}/Manifest.lock\" > /dev/null\nif [ $? != 0 ] ; then\n    # print error to STDERR\n    echo \"error: The sandbox is not in sync with the Podfile.lock. Run 'pod install' or update your CocoaPods installation.\" >&2\n    exit 1\nfi\n# This output is used by Xcode 'outputs' to avoid re-running this script phase.\necho \"SUCCESS\" > \"${SCRIPT_OUTPUT_FILE_0}\"\n";
			showEnvVarsInLog = 0;
		};
		36BB624D99A20FB858A6B20A /* [CP] Embed Pods Frameworks */ = {
			isa = PBXShellScriptBuildPhase;
			buildActionMask = 2147483647;
			files = (
			);
			inputFileListPaths = (
				"${PODS_ROOT}/Target Support Files/Pods-IB-MyIBUITests/Pods-IB-MyIBUITests-frameworks-${CONFIGURATION}-input-files.xcfilelist",
			);
			name = "[CP] Embed Pods Frameworks";
			outputFileListPaths = (
				"${PODS_ROOT}/Target Support Files/Pods-IB-MyIBUITests/Pods-IB-MyIBUITests-frameworks-${CONFIGURATION}-output-files.xcfilelist",
			);
			runOnlyForDeploymentPostprocessing = 0;
			shellPath = /bin/sh;
			shellScript = "\"${PODS_ROOT}/Target Support Files/Pods-IB-MyIBUITests/Pods-IB-MyIBUITests-frameworks.sh\"\n";
			showEnvVarsInLog = 0;
		};
		6431E763FA231B7CDF9F7D6F /* [CP] Check Pods Manifest.lock */ = {
			isa = PBXShellScriptBuildPhase;
			buildActionMask = 2147483647;
			files = (
			);
			inputFileListPaths = (
			);
			inputPaths = (
				"${PODS_PODFILE_DIR_PATH}/Podfile.lock",
				"${PODS_ROOT}/Manifest.lock",
			);
			name = "[CP] Check Pods Manifest.lock";
			outputFileListPaths = (
			);
			outputPaths = (
				"$(DERIVED_FILE_DIR)/Pods-IB-MyTarget-checkManifestLockResult.txt",
			);
			runOnlyForDeploymentPostprocessing = 0;
			shellPath = /bin/sh;
			shellScript = "diff \"${PODS_PODFILE_DIR_PATH}/Podfile.lock\" \"${PODS_ROOT}/Manifest.lock\" > /dev/null\nif [ $? != 0 ] ; then\n    # print error to STDERR\n    echo \"error: The sandbox is not in sync with the Podfile.lock. Run 'pod install' or update your CocoaPods installation.\" >&2\n    exit 1\nfi\n# This output is used by Xcode 'outputs' to avoid re-running this script phase.\necho \"SUCCESS\" > \"${SCRIPT_OUTPUT_FILE_0}\"\n";
			showEnvVarsInLog = 0;
		};
		8F5E1BAB8BE9BBB6C0CBDF2B /* [CP] Embed Pods Frameworks */ = {
			isa = PBXShellScriptBuildPhase;
			buildActionMask = 2147483647;
			files = (
			);
			inputFileListPaths = (
				"${PODS_ROOT}/Target Support Files/Pods-IB-MyIB/Pods-IB-MyIB-frameworks-${CONFIGURATION}-input-files.xcfilelist",
			);
			name = "[CP] Embed Pods Frameworks";
			outputFileListPaths = (
				"${PODS_ROOT}/Target Support Files/Pods-IB-MyIB/Pods-IB-MyIB-frameworks-${CONFIGURATION}-output-files.xcfilelist",
			);
			runOnlyForDeploymentPostprocessing = 0;
			shellPath = /bin/sh;
			shellScript = "\"${PODS_ROOT}/Target Support Files/Pods-IB-MyIB/Pods-IB-MyIB-frameworks.sh\"\n";
			showEnvVarsInLog = 0;
		};
		CC3BD8E7B0EC10E13C6F4084 /* [CP] Check Pods Manifest.lock */ = {
			isa = PBXShellScriptBuildPhase;
			buildActionMask = 2147483647;
			files = (
			);
			inputFileListPaths = (
			);
			inputPaths = (
				"${PODS_PODFILE_DIR_PATH}/Podfile.lock",
				"${PODS_ROOT}/Manifest.lock",
			);
			name = "[CP] Check Pods Manifest.lock";
			outputFileListPaths = (
			);
			outputPaths = (
				"$(DERIVED_FILE_DIR)/Pods-IB-MyIBUITests-checkManifestLockResult.txt",
			);
			runOnlyForDeploymentPostprocessing = 0;
			shellPath = /bin/sh;
			shellScript = "diff \"${PODS_PODFILE_DIR_PATH}/Podfile.lock\" \"${PODS_ROOT}/Manifest.lock\" > /dev/null\nif [ $? != 0 ] ; then\n    # print error to STDERR\n    echo \"error: The sandbox is not in sync with the Podfile.lock. Run 'pod install' or update your CocoaPods installation.\" >&2\n    exit 1\nfi\n# This output is used by Xcode 'outputs' to avoid re-running this script phase.\necho \"SUCCESS\" > \"${SCRIPT_OUTPUT_FILE_0}\"\n";
			showEnvVarsInLog = 0;
		};
		D3FAC0B52D7BD4D97269D9F9 /* [CP] Check Pods Manifest.lock */ = {
			isa = PBXShellScriptBuildPhase;
			buildActionMask = 2147483647;
			files = (
			);
			inputFileListPaths = (
			);
			inputPaths = (
				"${PODS_PODFILE_DIR_PATH}/Podfile.lock",
				"${PODS_ROOT}/Manifest.lock",
			);
			name = "[CP] Check Pods Manifest.lock";
			outputFileListPaths = (
			);
			outputPaths = (
				"$(DERIVED_FILE_DIR)/Pods-MyIBTests-checkManifestLockResult.txt",
			);
			runOnlyForDeploymentPostprocessing = 0;
			shellPath = /bin/sh;
			shellScript = "diff \"${PODS_PODFILE_DIR_PATH}/Podfile.lock\" \"${PODS_ROOT}/Manifest.lock\" > /dev/null\nif [ $? != 0 ] ; then\n    # print error to STDERR\n    echo \"error: The sandbox is not in sync with the Podfile.lock. Run 'pod install' or update your CocoaPods installation.\" >&2\n    exit 1\nfi\n# This output is used by Xcode 'outputs' to avoid re-running this script phase.\necho \"SUCCESS\" > \"${SCRIPT_OUTPUT_FILE_0}\"\n";
			showEnvVarsInLog = 0;
		};
/* End PBXShellScriptBuildPhase section */

/* Begin PBXSourcesBuildPhase section */
		280058F026E10A49005D40AB /* Sources */ = {
			isa = PBXSourcesBuildPhase;
			buildActionMask = 2147483647;
			files = (
				2856EBAB2737C25C00B6FB8A /* SnapKitController.swift in Sources */,
				2800593A26E3B569005D40AB /* MyXibView.swift in Sources */,
				282DEAE2271C5CE700EAC9A4 /* MyCell.swift in Sources */,
				2893633127187593004F80A7 /* BaseVC.swift in Sources */,
				2856EB992736CC9500B6FB8A /* BaseViewController.swift in Sources */,
				2856EB9227356CDA00B6FB8A /* CalculatorController.swift in Sources */,
				2800593426E3AB6B005D40AB /* StoryBoardViewController.swift in Sources */,
				28B67B542700A26C00751945 /* MyConstant.swift in Sources */,
				28B67B562704A80A00751945 /* LViewModel.swift in Sources */,
				28B67B5026FEF33300751945 /* LVM.swift in Sources */,
				2800593D26E3BE07005D40AB /* HomeViewController3.swift in Sources */,
				2800594126E8E49C005D40AB /* XibBaseView.swift in Sources */,
				2876273926FE30990016DDB8 /* LoginEnum.swift in Sources */,
				281B4C772774A72C003B8D35 /* SwiftLanguageController.swift in Sources */,
				2800594326EA4E00005D40AB /* LoginViewController.swift in Sources */,
				2856EB8B2735668100B6FB8A /* UIStackViewController.swift in Sources */,
				28936334271878B4004F80A7 /* MyVC.swift in Sources */,
				2800594926EA535C005D40AB /* LoginVM.swift in Sources */,
				28B67B5226FF058500751945 /* MyError.swift in Sources */,
				2800594E26ECFC5F005D40AB /* LoginService.swift in Sources */,
				280058F826E10A49005D40AB /* AppDelegate.swift in Sources */,
				2856EB9D2736CE2000B6FB8A /* ScrollViewController.swift in Sources */,
				2800592826E10E18005D40AB /* RootNavigationController.swift in Sources */,
				2856EBA42736D6B400B6FB8A /* PriorityController.swift in Sources */,
				28133DE3276DE68100BE185D /* RXController.swift in Sources */,
				2800594C26ECFC55005D40AB /* LoginViewModel.swift in Sources */,
				2800592A26E118C7005D40AB /* RootViewController.swift in Sources */,
				282DEADC271C58E200EAC9A4 /* MyTableviewController.swift in Sources */,
			);
			runOnlyForDeploymentPostprocessing = 0;
		};
		2800590626E10A4B005D40AB /* Sources */ = {
			isa = PBXSourcesBuildPhase;
			buildActionMask = 2147483647;
			files = (
				281B4C782774A72C003B8D35 /* SwiftLanguageController.swift in Sources */,
				2800590F26E10A4B005D40AB /* MyIBTests.swift in Sources */,
				28133DE4276DE68100BE185D /* RXController.swift in Sources */,
			);
			runOnlyForDeploymentPostprocessing = 0;
		};
		2800591126E10A4B005D40AB /* Sources */ = {
			isa = PBXSourcesBuildPhase;
			buildActionMask = 2147483647;
			files = (
				281B4C792774A72C003B8D35 /* SwiftLanguageController.swift in Sources */,
				2800591A26E10A4B005D40AB /* MyIBUITests.swift in Sources */,
				28133DE5276DE68100BE185D /* RXController.swift in Sources */,
			);
			runOnlyForDeploymentPostprocessing = 0;
		};
		2893630E2712BF1F004F80A7 /* Sources */ = {
			isa = PBXSourcesBuildPhase;
			buildActionMask = 2147483647;
			files = (
				2856EBAC2737C25C00B6FB8A /* SnapKitController.swift in Sources */,
				2893630F2712BF1F004F80A7 /* MyXibView.swift in Sources */,
				282DEAE3271C5CE700EAC9A4 /* MyCell.swift in Sources */,
				28936332271876E7004F80A7 /* BaseVC.swift in Sources */,
				2856EB9A2736CC9500B6FB8A /* BaseViewController.swift in Sources */,
				2856EB9327356CDA00B6FB8A /* CalculatorController.swift in Sources */,
				289363102712BF1F004F80A7 /* StoryBoardViewController.swift in Sources */,
				289363112712BF1F004F80A7 /* MyConstant.swift in Sources */,
				289363122712BF1F004F80A7 /* LViewModel.swift in Sources */,
				289363132712BF1F004F80A7 /* LVM.swift in Sources */,
				289363142712BF1F004F80A7 /* HomeViewController3.swift in Sources */,
				289363152712BF1F004F80A7 /* XibBaseView.swift in Sources */,
				289363162712BF1F004F80A7 /* LoginEnum.swift in Sources */,
				281B4C7A2774A72C003B8D35 /* SwiftLanguageController.swift in Sources */,
				289363172712BF1F004F80A7 /* LoginViewController.swift in Sources */,
				2856EB8C2735668100B6FB8A /* UIStackViewController.swift in Sources */,
				28936335271878F6004F80A7 /* MyVC.swift in Sources */,
				289363182712BF1F004F80A7 /* LoginVM.swift in Sources */,
				289363192712BF1F004F80A7 /* MyError.swift in Sources */,
				2893631A2712BF1F004F80A7 /* LoginService.swift in Sources */,
				2893631B2712BF1F004F80A7 /* AppDelegate.swift in Sources */,
				2856EB9E2736CE2000B6FB8A /* ScrollViewController.swift in Sources */,
				2893631C2712BF1F004F80A7 /* RootNavigationController.swift in Sources */,
				2856EBA52736D6B400B6FB8A /* PriorityController.swift in Sources */,
				28133DE6276DE68100BE185D /* RXController.swift in Sources */,
				2893631D2712BF1F004F80A7 /* LoginViewModel.swift in Sources */,
				2893631E2712BF1F004F80A7 /* RootViewController.swift in Sources */,
				282DEADD271C58E200EAC9A4 /* MyTableviewController.swift in Sources */,
			);
			runOnlyForDeploymentPostprocessing = 0;
		};
/* End PBXSourcesBuildPhase section */

/* Begin PBXTargetDependency section */
		2800590C26E10A4B005D40AB /* PBXTargetDependency */ = {
			isa = PBXTargetDependency;
			target = 280058F326E10A49005D40AB /* MyIB */;
			targetProxy = 2800590B26E10A4B005D40AB /* PBXContainerItemProxy */;
		};
		2800591726E10A4B005D40AB /* PBXTargetDependency */ = {
			isa = PBXTargetDependency;
			target = 280058F326E10A49005D40AB /* MyIB */;
			targetProxy = 2800591626E10A4B005D40AB /* PBXContainerItemProxy */;
		};
/* End PBXTargetDependency section */

/* Begin PBXVariantGroup section */
		280058FD26E10A49005D40AB /* Main.storyboard */ = {
			isa = PBXVariantGroup;
			children = (
				280058FE26E10A49005D40AB /* Base */,
			);
			name = Main.storyboard;
			sourceTree = "<group>";
		};
		2800590226E10A4B005D40AB /* LaunchScreen.storyboard */ = {
			isa = PBXVariantGroup;
			children = (
				2800590326E10A4B005D40AB /* Base */,
			);
			name = LaunchScreen.storyboard;
			sourceTree = "<group>";
		};
/* End PBXVariantGroup section */

/* Begin XCBuildConfiguration section */
		2800591C26E10A4B005D40AB /* Debug */ = {
			isa = XCBuildConfiguration;
			buildSettings = {
				ALWAYS_SEARCH_USER_PATHS = NO;
				CLANG_ANALYZER_NONNULL = YES;
				CLANG_ANALYZER_NUMBER_OBJECT_CONVERSION = YES_AGGRESSIVE;
				CLANG_CXX_LANGUAGE_STANDARD = "gnu++14";
				CLANG_CXX_LIBRARY = "libc++";
				CLANG_ENABLE_MODULES = YES;
				CLANG_ENABLE_OBJC_ARC = YES;
				CLANG_ENABLE_OBJC_WEAK = YES;
				CLANG_WARN_BLOCK_CAPTURE_AUTORELEASING = YES;
				CLANG_WARN_BOOL_CONVERSION = YES;
				CLANG_WARN_COMMA = YES;
				CLANG_WARN_CONSTANT_CONVERSION = YES;
				CLANG_WARN_DEPRECATED_OBJC_IMPLEMENTATIONS = YES;
				CLANG_WARN_DIRECT_OBJC_ISA_USAGE = YES_ERROR;
				CLANG_WARN_DOCUMENTATION_COMMENTS = YES;
				CLANG_WARN_EMPTY_BODY = YES;
				CLANG_WARN_ENUM_CONVERSION = YES;
				CLANG_WARN_INFINITE_RECURSION = YES;
				CLANG_WARN_INT_CONVERSION = YES;
				CLANG_WARN_NON_LITERAL_NULL_CONVERSION = YES;
				CLANG_WARN_OBJC_IMPLICIT_RETAIN_SELF = YES;
				CLANG_WARN_OBJC_LITERAL_CONVERSION = YES;
				CLANG_WARN_OBJC_ROOT_CLASS = YES_ERROR;
				CLANG_WARN_QUOTED_INCLUDE_IN_FRAMEWORK_HEADER = YES;
				CLANG_WARN_RANGE_LOOP_ANALYSIS = YES;
				CLANG_WARN_STRICT_PROTOTYPES = YES;
				CLANG_WARN_SUSPICIOUS_MOVE = YES;
				CLANG_WARN_UNGUARDED_AVAILABILITY = YES_AGGRESSIVE;
				CLANG_WARN_UNREACHABLE_CODE = YES;
				CLANG_WARN__DUPLICATE_METHOD_MATCH = YES;
				COPY_PHASE_STRIP = NO;
				DEBUG_INFORMATION_FORMAT = dwarf;
				ENABLE_STRICT_OBJC_MSGSEND = YES;
				ENABLE_TESTABILITY = YES;
				GCC_C_LANGUAGE_STANDARD = gnu11;
				GCC_DYNAMIC_NO_PIC = NO;
				GCC_NO_COMMON_BLOCKS = YES;
				GCC_OPTIMIZATION_LEVEL = 0;
				GCC_PREPROCESSOR_DEFINITIONS = (
					"DEBUG=1",
					"$(inherited)",
				);
				GCC_WARN_64_TO_32_BIT_CONVERSION = YES;
				GCC_WARN_ABOUT_RETURN_TYPE = YES_ERROR;
				GCC_WARN_UNDECLARED_SELECTOR = YES;
				GCC_WARN_UNINITIALIZED_AUTOS = YES_AGGRESSIVE;
				GCC_WARN_UNUSED_FUNCTION = YES;
				GCC_WARN_UNUSED_VARIABLE = YES;
				IPHONEOS_DEPLOYMENT_TARGET = 14.5;
				MTL_ENABLE_DEBUG_INFO = INCLUDE_SOURCE;
				MTL_FAST_MATH = YES;
				ONLY_ACTIVE_ARCH = YES;
				SDKROOT = iphoneos;
				SWIFT_ACTIVE_COMPILATION_CONDITIONS = DEBUG;
				SWIFT_OPTIMIZATION_LEVEL = "-Onone";
			};
			name = Debug;
		};
		2800591D26E10A4B005D40AB /* Release */ = {
			isa = XCBuildConfiguration;
			buildSettings = {
				ALWAYS_SEARCH_USER_PATHS = NO;
				CLANG_ANALYZER_NONNULL = YES;
				CLANG_ANALYZER_NUMBER_OBJECT_CONVERSION = YES_AGGRESSIVE;
				CLANG_CXX_LANGUAGE_STANDARD = "gnu++14";
				CLANG_CXX_LIBRARY = "libc++";
				CLANG_ENABLE_MODULES = YES;
				CLANG_ENABLE_OBJC_ARC = YES;
				CLANG_ENABLE_OBJC_WEAK = YES;
				CLANG_WARN_BLOCK_CAPTURE_AUTORELEASING = YES;
				CLANG_WARN_BOOL_CONVERSION = YES;
				CLANG_WARN_COMMA = YES;
				CLANG_WARN_CONSTANT_CONVERSION = YES;
				CLANG_WARN_DEPRECATED_OBJC_IMPLEMENTATIONS = YES;
				CLANG_WARN_DIRECT_OBJC_ISA_USAGE = YES_ERROR;
				CLANG_WARN_DOCUMENTATION_COMMENTS = YES;
				CLANG_WARN_EMPTY_BODY = YES;
				CLANG_WARN_ENUM_CONVERSION = YES;
				CLANG_WARN_INFINITE_RECURSION = YES;
				CLANG_WARN_INT_CONVERSION = YES;
				CLANG_WARN_NON_LITERAL_NULL_CONVERSION = YES;
				CLANG_WARN_OBJC_IMPLICIT_RETAIN_SELF = YES;
				CLANG_WARN_OBJC_LITERAL_CONVERSION = YES;
				CLANG_WARN_OBJC_ROOT_CLASS = YES_ERROR;
				CLANG_WARN_QUOTED_INCLUDE_IN_FRAMEWORK_HEADER = YES;
				CLANG_WARN_RANGE_LOOP_ANALYSIS = YES;
				CLANG_WARN_STRICT_PROTOTYPES = YES;
				CLANG_WARN_SUSPICIOUS_MOVE = YES;
				CLANG_WARN_UNGUARDED_AVAILABILITY = YES_AGGRESSIVE;
				CLANG_WARN_UNREACHABLE_CODE = YES;
				CLANG_WARN__DUPLICATE_METHOD_MATCH = YES;
				COPY_PHASE_STRIP = NO;
				DEBUG_INFORMATION_FORMAT = "dwarf-with-dsym";
				ENABLE_NS_ASSERTIONS = NO;
				ENABLE_STRICT_OBJC_MSGSEND = YES;
				GCC_C_LANGUAGE_STANDARD = gnu11;
				GCC_NO_COMMON_BLOCKS = YES;
				GCC_WARN_64_TO_32_BIT_CONVERSION = YES;
				GCC_WARN_ABOUT_RETURN_TYPE = YES_ERROR;
				GCC_WARN_UNDECLARED_SELECTOR = YES;
				GCC_WARN_UNINITIALIZED_AUTOS = YES_AGGRESSIVE;
				GCC_WARN_UNUSED_FUNCTION = YES;
				GCC_WARN_UNUSED_VARIABLE = YES;
				IPHONEOS_DEPLOYMENT_TARGET = 14.5;
				MTL_ENABLE_DEBUG_INFO = NO;
				MTL_FAST_MATH = YES;
				SDKROOT = iphoneos;
				SWIFT_COMPILATION_MODE = wholemodule;
				SWIFT_OPTIMIZATION_LEVEL = "-O";
				VALIDATE_PRODUCT = YES;
			};
			name = Release;
		};
		2800591F26E10A4B005D40AB /* Debug */ = {
			isa = XCBuildConfiguration;
			baseConfigurationReference = 0F2A2BA2FD9BAD1E057FB34C /* Pods-IB-MyIB.debug.xcconfig */;
			buildSettings = {
				ASSETCATALOG_COMPILER_APPICON_NAME = AppIcon;
				ASSETCATALOG_COMPILER_GLOBAL_ACCENT_COLOR_NAME = AccentColor;
				CODE_SIGN_STYLE = Automatic;
				DEVELOPMENT_TEAM = X23NB528XF;
				INFOPLIST_FILE = MyIB/Info.plist;
				LD_RUNPATH_SEARCH_PATHS = (
					"$(inherited)",
					"@executable_path/Frameworks",
				);
				PRODUCT_BUNDLE_IDENTIFIER = baan.MyIB;
				PRODUCT_NAME = "$(TARGET_NAME)";
				SWIFT_VERSION = 5.0;
				TARGETED_DEVICE_FAMILY = "1,2";
			};
			name = Debug;
		};
		2800592026E10A4B005D40AB /* Release */ = {
			isa = XCBuildConfiguration;
			baseConfigurationReference = 6C28C50C8417665A000ECC18 /* Pods-IB-MyIB.release.xcconfig */;
			buildSettings = {
				ASSETCATALOG_COMPILER_APPICON_NAME = AppIcon;
				ASSETCATALOG_COMPILER_GLOBAL_ACCENT_COLOR_NAME = AccentColor;
				CODE_SIGN_STYLE = Automatic;
				DEVELOPMENT_TEAM = X23NB528XF;
				INFOPLIST_FILE = MyIB/Info.plist;
				LD_RUNPATH_SEARCH_PATHS = (
					"$(inherited)",
					"@executable_path/Frameworks",
				);
				PRODUCT_BUNDLE_IDENTIFIER = baan.MyIB;
				PRODUCT_NAME = "$(TARGET_NAME)";
				SWIFT_VERSION = 5.0;
				TARGETED_DEVICE_FAMILY = "1,2";
			};
			name = Release;
		};
		2800592226E10A4B005D40AB /* Debug */ = {
			isa = XCBuildConfiguration;
			baseConfigurationReference = 0B7A802E61C696CF3ED4E8B9 /* Pods-MyIBTests.debug.xcconfig */;
			buildSettings = {
				ALWAYS_EMBED_SWIFT_STANDARD_LIBRARIES = YES;
				BUNDLE_LOADER = "$(TEST_HOST)";
				CODE_SIGN_STYLE = Automatic;
				DEVELOPMENT_TEAM = X23NB528XF;
				INFOPLIST_FILE = MyIBTests/Info.plist;
				IPHONEOS_DEPLOYMENT_TARGET = 14.5;
				LD_RUNPATH_SEARCH_PATHS = (
					"$(inherited)",
					"@executable_path/Frameworks",
					"@loader_path/Frameworks",
				);
				PRODUCT_BUNDLE_IDENTIFIER = baan.MyIBTests;
				PRODUCT_NAME = "$(TARGET_NAME)";
				SWIFT_VERSION = 5.0;
				TARGETED_DEVICE_FAMILY = "1,2";
				TEST_HOST = "$(BUILT_PRODUCTS_DIR)/MyIB.app/MyIB";
			};
			name = Debug;
		};
		2800592326E10A4B005D40AB /* Release */ = {
			isa = XCBuildConfiguration;
			baseConfigurationReference = E184BCEC1ECDD738464BEAF9 /* Pods-MyIBTests.release.xcconfig */;
			buildSettings = {
				ALWAYS_EMBED_SWIFT_STANDARD_LIBRARIES = YES;
				BUNDLE_LOADER = "$(TEST_HOST)";
				CODE_SIGN_STYLE = Automatic;
				DEVELOPMENT_TEAM = X23NB528XF;
				INFOPLIST_FILE = MyIBTests/Info.plist;
				IPHONEOS_DEPLOYMENT_TARGET = 14.5;
				LD_RUNPATH_SEARCH_PATHS = (
					"$(inherited)",
					"@executable_path/Frameworks",
					"@loader_path/Frameworks",
				);
				PRODUCT_BUNDLE_IDENTIFIER = baan.MyIBTests;
				PRODUCT_NAME = "$(TARGET_NAME)";
				SWIFT_VERSION = 5.0;
				TARGETED_DEVICE_FAMILY = "1,2";
				TEST_HOST = "$(BUILT_PRODUCTS_DIR)/MyIB.app/MyIB";
			};
			name = Release;
		};
		2800592526E10A4B005D40AB /* Debug */ = {
			isa = XCBuildConfiguration;
			baseConfigurationReference = 48FBECE830254ECC355077EC /* Pods-IB-MyIBUITests.debug.xcconfig */;
			buildSettings = {
				ALWAYS_EMBED_SWIFT_STANDARD_LIBRARIES = YES;
				CODE_SIGN_STYLE = Automatic;
				DEVELOPMENT_TEAM = X23NB528XF;
				INFOPLIST_FILE = MyIBUITests/Info.plist;
				LD_RUNPATH_SEARCH_PATHS = (
					"$(inherited)",
					"@executable_path/Frameworks",
					"@loader_path/Frameworks",
				);
				PRODUCT_BUNDLE_IDENTIFIER = baan.MyIBUITests;
				PRODUCT_NAME = "$(TARGET_NAME)";
				SWIFT_VERSION = 5.0;
				TARGETED_DEVICE_FAMILY = "1,2";
				TEST_TARGET_NAME = MyIB;
			};
			name = Debug;
		};
		2800592626E10A4B005D40AB /* Release */ = {
			isa = XCBuildConfiguration;
			baseConfigurationReference = EC057736587B205D5BD70B4D /* Pods-IB-MyIBUITests.release.xcconfig */;
			buildSettings = {
				ALWAYS_EMBED_SWIFT_STANDARD_LIBRARIES = YES;
				CODE_SIGN_STYLE = Automatic;
				DEVELOPMENT_TEAM = X23NB528XF;
				INFOPLIST_FILE = MyIBUITests/Info.plist;
				LD_RUNPATH_SEARCH_PATHS = (
					"$(inherited)",
					"@executable_path/Frameworks",
					"@loader_path/Frameworks",
				);
				PRODUCT_BUNDLE_IDENTIFIER = baan.MyIBUITests;
				PRODUCT_NAME = "$(TARGET_NAME)";
				SWIFT_VERSION = 5.0;
				TARGETED_DEVICE_FAMILY = "1,2";
				TEST_TARGET_NAME = MyIB;
			};
			name = Release;
		};
		2893632B2712BF1F004F80A7 /* Debug */ = {
			isa = XCBuildConfiguration;
			baseConfigurationReference = D83B9185388DDC1DFBFF678E /* Pods-IB-MyTarget.debug.xcconfig */;
			buildSettings = {
				ASSETCATALOG_COMPILER_APPICON_NAME = AppIcon;
				ASSETCATALOG_COMPILER_GLOBAL_ACCENT_COLOR_NAME = AccentColor;
				CODE_SIGN_STYLE = Automatic;
				DEVELOPMENT_TEAM = X23NB528XF;
				INFOPLIST_FILE = "MyIB copy-Info.plist";
				LD_RUNPATH_SEARCH_PATHS = (
					"$(inherited)",
					"@executable_path/Frameworks",
				);
				PRODUCT_BUNDLE_IDENTIFIER = baan.MyIB;
				PRODUCT_NAME = "$(TARGET_NAME)";
				SWIFT_VERSION = 5.0;
				TARGETED_DEVICE_FAMILY = "1,2";
			};
			name = Debug;
		};
		2893632C2712BF1F004F80A7 /* Release */ = {
			isa = XCBuildConfiguration;
			baseConfigurationReference = 8AF2ED882C0570DD1E2C36B8 /* Pods-IB-MyTarget.release.xcconfig */;
			buildSettings = {
				ASSETCATALOG_COMPILER_APPICON_NAME = AppIcon;
				ASSETCATALOG_COMPILER_GLOBAL_ACCENT_COLOR_NAME = AccentColor;
				CODE_SIGN_STYLE = Automatic;
				DEVELOPMENT_TEAM = X23NB528XF;
				INFOPLIST_FILE = "MyIB copy-Info.plist";
				LD_RUNPATH_SEARCH_PATHS = (
					"$(inherited)",
					"@executable_path/Frameworks",
				);
				PRODUCT_BUNDLE_IDENTIFIER = baan.MyIB;
				PRODUCT_NAME = "$(TARGET_NAME)";
				SWIFT_VERSION = 5.0;
				TARGETED_DEVICE_FAMILY = "1,2";
			};
			name = Release;
		};
/* End XCBuildConfiguration section */

/* Begin XCConfigurationList section */
		280058EF26E10A49005D40AB /* Build configuration list for PBXProject "MyIB" */ = {
			isa = XCConfigurationList;
			buildConfigurations = (
				2800591C26E10A4B005D40AB /* Debug */,
				2800591D26E10A4B005D40AB /* Release */,
			);
			defaultConfigurationIsVisible = 0;
			defaultConfigurationName = Release;
		};
		2800591E26E10A4B005D40AB /* Build configuration list for PBXNativeTarget "MyIB" */ = {
			isa = XCConfigurationList;
			buildConfigurations = (
				2800591F26E10A4B005D40AB /* Debug */,
				2800592026E10A4B005D40AB /* Release */,
			);
			defaultConfigurationIsVisible = 0;
			defaultConfigurationName = Release;
		};
		2800592126E10A4B005D40AB /* Build configuration list for PBXNativeTarget "MyIBTests" */ = {
			isa = XCConfigurationList;
			buildConfigurations = (
				2800592226E10A4B005D40AB /* Debug */,
				2800592326E10A4B005D40AB /* Release */,
			);
			defaultConfigurationIsVisible = 0;
			defaultConfigurationName = Release;
		};
		2800592426E10A4B005D40AB /* Build configuration list for PBXNativeTarget "MyIBUITests" */ = {
			isa = XCConfigurationList;
			buildConfigurations = (
				2800592526E10A4B005D40AB /* Debug */,
				2800592626E10A4B005D40AB /* Release */,
			);
			defaultConfigurationIsVisible = 0;
			defaultConfigurationName = Release;
		};
		2893632A2712BF1F004F80A7 /* Build configuration list for PBXNativeTarget "MyTarget" */ = {
			isa = XCConfigurationList;
			buildConfigurations = (
				2893632B2712BF1F004F80A7 /* Debug */,
				2893632C2712BF1F004F80A7 /* Release */,
			);
			defaultConfigurationIsVisible = 0;
			defaultConfigurationName = Release;
		};
/* End XCConfigurationList section */
	};
	rootObject = 280058EC26E10A49005D40AB /* Project object */;
}
